
Microsoft Visual Studio Solution File, Format Version 12.00
# Visual Studio Version 16
VisualStudioVersion = 25.0.1706.12
MinimumVisualStudioVersion = 10.0.40219.1
Project("{FAE04EC0-301F-11D3-BF4B-00C04F79EFBC}") = "MauiAndroidToolTips", "MauiAndroidToolTips.csproj", "{34BF23B2-B202-4786-A2AF-4A14EB075E76}"
EndProject
Global
	GlobalSection(SolutionConfigurationPlatforms) = preSolution
		Debug|Any CPU = Debug|Any CPU
		Release|Any CPU = Release|Any CPU
	EndGlobalSection
	GlobalSection(ProjectConfigurationPlatforms) = postSolution
		{34BF23B2-B202-4786-A2AF-4A14EB075E76}.Debug|Any CPU.ActiveCfg = Debug|Any CPU
		{34BF23B2-B202-4786-A2AF-4A14EB075E76}.Debug|Any CPU.Build.0 = Debug|Any CPU
		{34BF23B2-B202-4786-A2AF-4A14EB075E76}.Release|Any CPU.ActiveCfg = Release|Any CPU
		{34BF23B2-B202-4786-A2AF-4A14EB075E76}.Release|Any CPU.Build.0 = Release|Any CPU
	EndGlobalSection
	GlobalSection(SolutionProperties) = preSolution
		HideSolutionNode = FALSE
	EndGlobalSection
	GlobalSection(ExtensibilityGlobals) = postSolution
		SolutionGuid = {B1821AFA-4AB6-49EC-B994-33A45639AE54}
	EndGlobalSection
EndGlobal
